// !$*UTF8*$!
{
	archiveVersion = 1;
	classes = {
	};
	objectVersion = 51;
	objects = {

/* Begin PBXBuildFile section */
		2971AECD23AB310D00F836BE /* PublicJokesTableViewController.swift in Sources */ = {isa = PBXBuildFile; fileRef = 2971AECC23AB310D00F836BE /* PublicJokesTableViewController.swift */; };
		2971AECF23AB313300F836BE /* PublicJokeDetailViewController.swift in Sources */ = {isa = PBXBuildFile; fileRef = 2971AECE23AB313300F836BE /* PublicJokeDetailViewController.swift */; };
		2971AED123AB316000F836BE /* SignUpViewController.swift in Sources */ = {isa = PBXBuildFile; fileRef = 2971AED023AB316000F836BE /* SignUpViewController.swift */; };
		2971AED323AB317F00F836BE /* SignInViewController.swift in Sources */ = {isa = PBXBuildFile; fileRef = 2971AED223AB317F00F836BE /* SignInViewController.swift */; };
		2971AED523AB31B000F836BE /* PrivateJokesTableViewController.swift in Sources */ = {isa = PBXBuildFile; fileRef = 2971AED423AB31B000F836BE /* PrivateJokesTableViewController.swift */; };
		2971AED723AB31CD00F836BE /* PrivateJokeDetailViewController.swift in Sources */ = {isa = PBXBuildFile; fileRef = 2971AED623AB31CD00F836BE /* PrivateJokeDetailViewController.swift */; };
		2971AED923AC7AB000F836BE /* Utilities.swift in Sources */ = {isa = PBXBuildFile; fileRef = 2971AED823AC7AB000F836BE /* Utilities.swift */; };
		2971AEDB23AC7E8B00F836BE /* GoogleService-Info.plist in Resources */ = {isa = PBXBuildFile; fileRef = 2971AEDA23AC7E8B00F836BE /* GoogleService-Info.plist */; };
		2971AEDD23AC83B600F836BE /* HomeViewController.swift in Sources */ = {isa = PBXBuildFile; fileRef = 2971AEDC23AC83B600F836BE /* HomeViewController.swift */; };
		2971AEE023AE9A8000F836BE /* Joke.xcdatamodeld in Sources */ = {isa = PBXBuildFile; fileRef = 2971AEDE23AE9A8000F836BE /* Joke.xcdatamodeld */; };
		29E29E1323AB196700C89BF4 /* AppDelegate.swift in Sources */ = {isa = PBXBuildFile; fileRef = 29E29E1223AB196700C89BF4 /* AppDelegate.swift */; };
		29E29E1523AB196700C89BF4 /* SceneDelegate.swift in Sources */ = {isa = PBXBuildFile; fileRef = 29E29E1423AB196700C89BF4 /* SceneDelegate.swift */; };
		29E29E1A23AB196700C89BF4 /* Main.storyboard in Resources */ = {isa = PBXBuildFile; fileRef = 29E29E1823AB196700C89BF4 /* Main.storyboard */; };
		29E29E1C23AB196800C89BF4 /* Assets.xcassets in Resources */ = {isa = PBXBuildFile; fileRef = 29E29E1B23AB196800C89BF4 /* Assets.xcassets */; };
		29E29E1F23AB196800C89BF4 /* LaunchScreen.storyboard in Resources */ = {isa = PBXBuildFile; fileRef = 29E29E1D23AB196800C89BF4 /* LaunchScreen.storyboard */; };
		5F554770BD0EA2B855657351 /* Pods_DadJokes.framework in Frameworks */ = {isa = PBXBuildFile; fileRef = FC6BCA5CAFD4743D9CB2EF1D /* Pods_DadJokes.framework */; };
		93564B4423AE9CFF002C4CC6 /* JokeRepresentation.swift in Sources */ = {isa = PBXBuildFile; fileRef = 93564B4323AE9CFF002C4CC6 /* JokeRepresentation.swift */; };
		93564B4623AE9E27002C4CC6 /* Joke+Convenience.swift in Sources */ = {isa = PBXBuildFile; fileRef = 93564B4523AE9E27002C4CC6 /* Joke+Convenience.swift */; };
		93564B4823AE9F75002C4CC6 /* CoreDataStack.swift in Sources */ = {isa = PBXBuildFile; fileRef = 93564B4723AE9F75002C4CC6 /* CoreDataStack.swift */; };
		CC76A7F823BE8ECF0094C2C9 /* DadJokesTest.swift in Sources */ = {isa = PBXBuildFile; fileRef = CC76A7F723BE8ECF0094C2C9 /* DadJokesTest.swift */; };
		CC76A80023BE8FD70094C2C9 /* NetworkDataLoader.swift in Sources */ = {isa = PBXBuildFile; fileRef = CC76A7FF23BE8FD70094C2C9 /* NetworkDataLoader.swift */; };
		CC76A80223BE90150094C2C9 /* URLSession+NetworkDataLoader.swift in Sources */ = {isa = PBXBuildFile; fileRef = CC76A80123BE90150094C2C9 /* URLSession+NetworkDataLoader.swift */; };
		CC76A80423BE93890094C2C9 /* MockDataLoader.swift in Sources */ = {isa = PBXBuildFile; fileRef = CC76A80323BE93890094C2C9 /* MockDataLoader.swift */; };
		CC76A80623BE93E70094C2C9 /* MockResultsData.swift in Sources */ = {isa = PBXBuildFile; fileRef = CC76A80523BE93E70094C2C9 /* MockResultsData.swift */; };
		CC76A80823BE9D020094C2C9 /* laugh.json in Resources */ = {isa = PBXBuildFile; fileRef = CC76A80723BE9D020094C2C9 /* laugh.json */; };
		CC76A80F23BFA5F60094C2C9 /* DJButton.swift in Sources */ = {isa = PBXBuildFile; fileRef = CC76A80E23BFA5F60094C2C9 /* DJButton.swift */; };
		CC76A81123BFA60A0094C2C9 /* DJTitleLabel.swift in Sources */ = {isa = PBXBuildFile; fileRef = CC76A81023BFA60A0094C2C9 /* DJTitleLabel.swift */; };
		CC76A81323BFA6130094C2C9 /* DJBodyLabel.swift in Sources */ = {isa = PBXBuildFile; fileRef = CC76A81223BFA6130094C2C9 /* DJBodyLabel.swift */; };
		CC76A81523BFA6260094C2C9 /* DJAlertVC.swift in Sources */ = {isa = PBXBuildFile; fileRef = CC76A81423BFA6260094C2C9 /* DJAlertVC.swift */; };
		CC76A81823BFA7770094C2C9 /* UIViewController+Ext.swift in Sources */ = {isa = PBXBuildFile; fileRef = CC76A81723BFA7770094C2C9 /* UIViewController+Ext.swift */; };
		CC76A82623C3C0BF0094C2C9 /* DJErrorMessage.swift in Sources */ = {isa = PBXBuildFile; fileRef = CC76A82523C3C0BF0094C2C9 /* DJErrorMessage.swift */; };
		CCD3E94E23B548EB002E082C /* DadJokesUITests.swift in Sources */ = {isa = PBXBuildFile; fileRef = CCD3E94D23B548EB002E082C /* DadJokesUITests.swift */; };
		E699BCC723AE8FB400594AFC /* APIController.swift in Sources */ = {isa = PBXBuildFile; fileRef = E699BCC623AE8FB400594AFC /* APIController.swift */; };
/* End PBXBuildFile section */

/* Begin PBXContainerItemProxy section */
		CC76A7FA23BE8ECF0094C2C9 /* PBXContainerItemProxy */ = {
			isa = PBXContainerItemProxy;
			containerPortal = 29E29E0723AB196600C89BF4 /* Project object */;
			proxyType = 1;
			remoteGlobalIDString = 29E29E0E23AB196700C89BF4;
			remoteInfo = DadJokes;
		};
		CCD3E95023B548EB002E082C /* PBXContainerItemProxy */ = {
			isa = PBXContainerItemProxy;
			containerPortal = 29E29E0723AB196600C89BF4 /* Project object */;
			proxyType = 1;
			remoteGlobalIDString = 29E29E0E23AB196700C89BF4;
			remoteInfo = DadJokes;
		};
/* End PBXContainerItemProxy section */

/* Begin PBXFileReference section */
		0B082A2C63C0945798F67643 /* Pods-DadJokes.debug.xcconfig */ = {isa = PBXFileReference; includeInIndex = 1; lastKnownFileType = text.xcconfig; name = "Pods-DadJokes.debug.xcconfig"; path = "Target Support Files/Pods-DadJokes/Pods-DadJokes.debug.xcconfig"; sourceTree = "<group>"; };
		2971AECC23AB310D00F836BE /* PublicJokesTableViewController.swift */ = {isa = PBXFileReference; lastKnownFileType = sourcecode.swift; path = PublicJokesTableViewController.swift; sourceTree = "<group>"; };
		2971AECE23AB313300F836BE /* PublicJokeDetailViewController.swift */ = {isa = PBXFileReference; lastKnownFileType = sourcecode.swift; path = PublicJokeDetailViewController.swift; sourceTree = "<group>"; };
		2971AED023AB316000F836BE /* SignUpViewController.swift */ = {isa = PBXFileReference; lastKnownFileType = sourcecode.swift; path = SignUpViewController.swift; sourceTree = "<group>"; };
		2971AED223AB317F00F836BE /* SignInViewController.swift */ = {isa = PBXFileReference; lastKnownFileType = sourcecode.swift; path = SignInViewController.swift; sourceTree = "<group>"; };
		2971AED423AB31B000F836BE /* PrivateJokesTableViewController.swift */ = {isa = PBXFileReference; lastKnownFileType = sourcecode.swift; path = PrivateJokesTableViewController.swift; sourceTree = "<group>"; };
		2971AED623AB31CD00F836BE /* PrivateJokeDetailViewController.swift */ = {isa = PBXFileReference; lastKnownFileType = sourcecode.swift; path = PrivateJokeDetailViewController.swift; sourceTree = "<group>"; };
		2971AED823AC7AB000F836BE /* Utilities.swift */ = {isa = PBXFileReference; lastKnownFileType = sourcecode.swift; path = Utilities.swift; sourceTree = "<group>"; };
		2971AEDA23AC7E8B00F836BE /* GoogleService-Info.plist */ = {isa = PBXFileReference; fileEncoding = 4; lastKnownFileType = text.plist.xml; path = "GoogleService-Info.plist"; sourceTree = "<group>"; };
		2971AEDC23AC83B600F836BE /* HomeViewController.swift */ = {isa = PBXFileReference; lastKnownFileType = sourcecode.swift; path = HomeViewController.swift; sourceTree = "<group>"; };
		2971AEDF23AE9A8000F836BE /* Joke.xcdatamodel */ = {isa = PBXFileReference; lastKnownFileType = wrapper.xcdatamodel; path = Joke.xcdatamodel; sourceTree = "<group>"; };
		29E29E0F23AB196700C89BF4 /* DadJokes.app */ = {isa = PBXFileReference; explicitFileType = wrapper.application; includeInIndex = 0; path = DadJokes.app; sourceTree = BUILT_PRODUCTS_DIR; };
		29E29E1223AB196700C89BF4 /* AppDelegate.swift */ = {isa = PBXFileReference; lastKnownFileType = sourcecode.swift; path = AppDelegate.swift; sourceTree = "<group>"; };
		29E29E1423AB196700C89BF4 /* SceneDelegate.swift */ = {isa = PBXFileReference; lastKnownFileType = sourcecode.swift; path = SceneDelegate.swift; sourceTree = "<group>"; };
		29E29E1923AB196700C89BF4 /* Base */ = {isa = PBXFileReference; lastKnownFileType = file.storyboard; name = Base; path = Base.lproj/Main.storyboard; sourceTree = "<group>"; };
		29E29E1B23AB196800C89BF4 /* Assets.xcassets */ = {isa = PBXFileReference; lastKnownFileType = folder.assetcatalog; path = Assets.xcassets; sourceTree = "<group>"; };
		29E29E1E23AB196800C89BF4 /* Base */ = {isa = PBXFileReference; lastKnownFileType = file.storyboard; name = Base; path = Base.lproj/LaunchScreen.storyboard; sourceTree = "<group>"; };
		29E29E2023AB196800C89BF4 /* Info.plist */ = {isa = PBXFileReference; lastKnownFileType = text.plist.xml; path = Info.plist; sourceTree = "<group>"; };
		8E3E529BC966789D764B1717 /* Pods-DadJokes.release.xcconfig */ = {isa = PBXFileReference; includeInIndex = 1; lastKnownFileType = text.xcconfig; name = "Pods-DadJokes.release.xcconfig"; path = "Target Support Files/Pods-DadJokes/Pods-DadJokes.release.xcconfig"; sourceTree = "<group>"; };
		93564B4323AE9CFF002C4CC6 /* JokeRepresentation.swift */ = {isa = PBXFileReference; lastKnownFileType = sourcecode.swift; path = JokeRepresentation.swift; sourceTree = "<group>"; };
		93564B4523AE9E27002C4CC6 /* Joke+Convenience.swift */ = {isa = PBXFileReference; lastKnownFileType = sourcecode.swift; path = "Joke+Convenience.swift"; sourceTree = "<group>"; };
		93564B4723AE9F75002C4CC6 /* CoreDataStack.swift */ = {isa = PBXFileReference; lastKnownFileType = sourcecode.swift; path = CoreDataStack.swift; sourceTree = "<group>"; };
		CC76A7F523BE8ECF0094C2C9 /* DadJokesTest.xctest */ = {isa = PBXFileReference; explicitFileType = wrapper.cfbundle; includeInIndex = 0; path = DadJokesTest.xctest; sourceTree = BUILT_PRODUCTS_DIR; };
		CC76A7F723BE8ECF0094C2C9 /* DadJokesTest.swift */ = {isa = PBXFileReference; lastKnownFileType = sourcecode.swift; path = DadJokesTest.swift; sourceTree = "<group>"; };
		CC76A7F923BE8ECF0094C2C9 /* Info.plist */ = {isa = PBXFileReference; lastKnownFileType = text.plist.xml; path = Info.plist; sourceTree = "<group>"; };
		CC76A7FF23BE8FD70094C2C9 /* NetworkDataLoader.swift */ = {isa = PBXFileReference; lastKnownFileType = sourcecode.swift; path = NetworkDataLoader.swift; sourceTree = "<group>"; };
		CC76A80123BE90150094C2C9 /* URLSession+NetworkDataLoader.swift */ = {isa = PBXFileReference; lastKnownFileType = sourcecode.swift; path = "URLSession+NetworkDataLoader.swift"; sourceTree = "<group>"; };
		CC76A80323BE93890094C2C9 /* MockDataLoader.swift */ = {isa = PBXFileReference; lastKnownFileType = sourcecode.swift; path = MockDataLoader.swift; sourceTree = "<group>"; };
		CC76A80523BE93E70094C2C9 /* MockResultsData.swift */ = {isa = PBXFileReference; lastKnownFileType = sourcecode.swift; path = MockResultsData.swift; sourceTree = "<group>"; };
		CC76A80723BE9D020094C2C9 /* laugh.json */ = {isa = PBXFileReference; fileEncoding = 4; lastKnownFileType = text.json; path = laugh.json; sourceTree = "<group>"; };
		CC76A80E23BFA5F60094C2C9 /* DJButton.swift */ = {isa = PBXFileReference; lastKnownFileType = sourcecode.swift; path = DJButton.swift; sourceTree = "<group>"; };
		CC76A81023BFA60A0094C2C9 /* DJTitleLabel.swift */ = {isa = PBXFileReference; lastKnownFileType = sourcecode.swift; path = DJTitleLabel.swift; sourceTree = "<group>"; };
		CC76A81223BFA6130094C2C9 /* DJBodyLabel.swift */ = {isa = PBXFileReference; lastKnownFileType = sourcecode.swift; path = DJBodyLabel.swift; sourceTree = "<group>"; };
		CC76A81423BFA6260094C2C9 /* DJAlertVC.swift */ = {isa = PBXFileReference; lastKnownFileType = sourcecode.swift; path = DJAlertVC.swift; sourceTree = "<group>"; };
		CC76A81723BFA7770094C2C9 /* UIViewController+Ext.swift */ = {isa = PBXFileReference; lastKnownFileType = sourcecode.swift; path = "UIViewController+Ext.swift"; sourceTree = "<group>"; };
		CC76A82523C3C0BF0094C2C9 /* DJErrorMessage.swift */ = {isa = PBXFileReference; lastKnownFileType = sourcecode.swift; path = DJErrorMessage.swift; sourceTree = "<group>"; };
		CCD3E94B23B548EB002E082C /* DadJokesUITests.xctest */ = {isa = PBXFileReference; explicitFileType = wrapper.cfbundle; includeInIndex = 0; path = DadJokesUITests.xctest; sourceTree = BUILT_PRODUCTS_DIR; };
		CCD3E94D23B548EB002E082C /* DadJokesUITests.swift */ = {isa = PBXFileReference; lastKnownFileType = sourcecode.swift; path = DadJokesUITests.swift; sourceTree = "<group>"; };
		CCD3E94F23B548EB002E082C /* Info.plist */ = {isa = PBXFileReference; lastKnownFileType = text.plist.xml; path = Info.plist; sourceTree = "<group>"; };
		E699BCC623AE8FB400594AFC /* APIController.swift */ = {isa = PBXFileReference; lastKnownFileType = sourcecode.swift; name = APIController.swift; path = DadJokes/APIController.swift; sourceTree = SOURCE_ROOT; };
		FC6BCA5CAFD4743D9CB2EF1D /* Pods_DadJokes.framework */ = {isa = PBXFileReference; explicitFileType = wrapper.framework; includeInIndex = 0; path = Pods_DadJokes.framework; sourceTree = BUILT_PRODUCTS_DIR; };
/* End PBXFileReference section */

/* Begin PBXFrameworksBuildPhase section */
		29E29E0C23AB196700C89BF4 /* Frameworks */ = {
			isa = PBXFrameworksBuildPhase;
			buildActionMask = 2147483647;
			files = (
				5F554770BD0EA2B855657351 /* Pods_DadJokes.framework in Frameworks */,
			);
			runOnlyForDeploymentPostprocessing = 0;
		};
		CC76A7F223BE8ECF0094C2C9 /* Frameworks */ = {
			isa = PBXFrameworksBuildPhase;
			buildActionMask = 2147483647;
			files = (
			);
			runOnlyForDeploymentPostprocessing = 0;
		};
		CCD3E94823B548EB002E082C /* Frameworks */ = {
			isa = PBXFrameworksBuildPhase;
			buildActionMask = 2147483647;
			files = (
			);
			runOnlyForDeploymentPostprocessing = 0;
		};
/* End PBXFrameworksBuildPhase section */

/* Begin PBXGroup section */
		29E29E0623AB196600C89BF4 = {
			isa = PBXGroup;
			children = (
				29E29E1123AB196700C89BF4 /* DadJokes */,
				CCD3E94C23B548EB002E082C /* DadJokesUITests */,
				CC76A7F623BE8ECF0094C2C9 /* DadJokesTest */,
				29E29E1023AB196700C89BF4 /* Products */,
				B06257BD7D38FA3EFD96B951 /* Pods */,
				D911A797F15B87F28CBA1200 /* Frameworks */,
			);
			sourceTree = "<group>";
		};
		29E29E1023AB196700C89BF4 /* Products */ = {
			isa = PBXGroup;
			children = (
				29E29E0F23AB196700C89BF4 /* DadJokes.app */,
				CCD3E94B23B548EB002E082C /* DadJokesUITests.xctest */,
				CC76A7F523BE8ECF0094C2C9 /* DadJokesTest.xctest */,
			);
			name = Products;
			sourceTree = "<group>";
		};
		29E29E1123AB196700C89BF4 /* DadJokes */ = {
			isa = PBXGroup;
			children = (
				CCD3E95523B92296002E082C /* Animations */,
				CC76A81623BFA7670094C2C9 /* Extensions */,
				29E29E2A23AB1B1300C89BF4 /* Helpers */,
				29E29E2923AB1B0D00C89BF4 /* Models */,
				29E29E2823AB1B0600C89BF4 /* Model Controllers */,
				CC76A80D23BFA5DC0094C2C9 /* Custom Views */,
				29E29E2623AB1AF500C89BF4 /* View Controllers */,
				29E29E1223AB196700C89BF4 /* AppDelegate.swift */,
				29E29E1423AB196700C89BF4 /* SceneDelegate.swift */,
				29E29E1823AB196700C89BF4 /* Main.storyboard */,
				29E29E1B23AB196800C89BF4 /* Assets.xcassets */,
				29E29E1D23AB196800C89BF4 /* LaunchScreen.storyboard */,
				29E29E2023AB196800C89BF4 /* Info.plist */,
				2971AEDA23AC7E8B00F836BE /* GoogleService-Info.plist */,
			);
			path = DadJokes;
			sourceTree = "<group>";
		};
		29E29E2623AB1AF500C89BF4 /* View Controllers */ = {
			isa = PBXGroup;
			children = (
				2971AECC23AB310D00F836BE /* PublicJokesTableViewController.swift */,
				2971AECE23AB313300F836BE /* PublicJokeDetailViewController.swift */,
				2971AED023AB316000F836BE /* SignUpViewController.swift */,
				2971AED223AB317F00F836BE /* SignInViewController.swift */,
				2971AED423AB31B000F836BE /* PrivateJokesTableViewController.swift */,
				2971AED623AB31CD00F836BE /* PrivateJokeDetailViewController.swift */,
				2971AEDC23AC83B600F836BE /* HomeViewController.swift */,
			);
			path = "View Controllers";
			sourceTree = "<group>";
		};
		29E29E2823AB1B0600C89BF4 /* Model Controllers */ = {
			isa = PBXGroup;
			children = (
				E699BCC623AE8FB400594AFC /* APIController.swift */,
			);
			path = "Model Controllers";
			sourceTree = "<group>";
		};
		29E29E2923AB1B0D00C89BF4 /* Models */ = {
			isa = PBXGroup;
			children = (
				2971AEDE23AE9A8000F836BE /* Joke.xcdatamodeld */,
				93564B4323AE9CFF002C4CC6 /* JokeRepresentation.swift */,
				93564B4523AE9E27002C4CC6 /* Joke+Convenience.swift */,
				93564B4723AE9F75002C4CC6 /* CoreDataStack.swift */,
			);
			path = Models;
			sourceTree = "<group>";
		};
		29E29E2A23AB1B1300C89BF4 /* Helpers */ = {
			isa = PBXGroup;
			children = (
				2971AED823AC7AB000F836BE /* Utilities.swift */,
				CC76A7FF23BE8FD70094C2C9 /* NetworkDataLoader.swift */,
				CC76A82523C3C0BF0094C2C9 /* DJErrorMessage.swift */,
			);
			path = Helpers;
			sourceTree = "<group>";
		};
		B06257BD7D38FA3EFD96B951 /* Pods */ = {
			isa = PBXGroup;
			children = (
				0B082A2C63C0945798F67643 /* Pods-DadJokes.debug.xcconfig */,
				8E3E529BC966789D764B1717 /* Pods-DadJokes.release.xcconfig */,
			);
			path = Pods;
			sourceTree = "<group>";
		};
		CC76A7F623BE8ECF0094C2C9 /* DadJokesTest */ = {
			isa = PBXGroup;
			children = (
				CC76A7F723BE8ECF0094C2C9 /* DadJokesTest.swift */,
				CC76A80323BE93890094C2C9 /* MockDataLoader.swift */,
				CC76A80523BE93E70094C2C9 /* MockResultsData.swift */,
				CC76A7F923BE8ECF0094C2C9 /* Info.plist */,
			);
			path = DadJokesTest;
			sourceTree = "<group>";
		};
		CC76A80D23BFA5DC0094C2C9 /* Custom Views */ = {
			isa = PBXGroup;
			children = (
				CC76A81423BFA6260094C2C9 /* DJAlertVC.swift */,
				CC76A80E23BFA5F60094C2C9 /* DJButton.swift */,
				CC76A81023BFA60A0094C2C9 /* DJTitleLabel.swift */,
				CC76A81223BFA6130094C2C9 /* DJBodyLabel.swift */,
			);
			path = "Custom Views";
			sourceTree = "<group>";
		};
		CC76A81623BFA7670094C2C9 /* Extensions */ = {
			isa = PBXGroup;
			children = (
				CC76A81723BFA7770094C2C9 /* UIViewController+Ext.swift */,
				CC76A80123BE90150094C2C9 /* URLSession+NetworkDataLoader.swift */,
			);
			path = Extensions;
			sourceTree = "<group>";
		};
		CCD3E94C23B548EB002E082C /* DadJokesUITests */ = {
			isa = PBXGroup;
			children = (
				CCD3E94D23B548EB002E082C /* DadJokesUITests.swift */,
				CCD3E94F23B548EB002E082C /* Info.plist */,
			);
			path = DadJokesUITests;
			sourceTree = "<group>";
		};
		CCD3E95523B92296002E082C /* Animations */ = {
			isa = PBXGroup;
			children = (
				CC76A80723BE9D020094C2C9 /* laugh.json */,
			);
			path = Animations;
			sourceTree = "<group>";
		};
		D911A797F15B87F28CBA1200 /* Frameworks */ = {
			isa = PBXGroup;
			children = (
				FC6BCA5CAFD4743D9CB2EF1D /* Pods_DadJokes.framework */,
			);
			name = Frameworks;
			sourceTree = "<group>";
		};
/* End PBXGroup section */

/* Begin PBXNativeTarget section */
		29E29E0E23AB196700C89BF4 /* DadJokes */ = {
			isa = PBXNativeTarget;
			buildConfigurationList = 29E29E2323AB196800C89BF4 /* Build configuration list for PBXNativeTarget "DadJokes" */;
			buildPhases = (
				CF6A280211E2370B93ACCF82 /* [CP] Check Pods Manifest.lock */,
				29E29E0B23AB196700C89BF4 /* Sources */,
				29E29E0C23AB196700C89BF4 /* Frameworks */,
				29E29E0D23AB196700C89BF4 /* Resources */,
				0FC72B995AFD99D06C96C764 /* [CP] Embed Pods Frameworks */,
				CC76A82423C3AA250094C2C9 /* ShellScript */,
			);
			buildRules = (
			);
			dependencies = (
			);
			name = DadJokes;
			productName = DadJokes;
			productReference = 29E29E0F23AB196700C89BF4 /* DadJokes.app */;
			productType = "com.apple.product-type.application";
		};
		CC76A7F423BE8ECF0094C2C9 /* DadJokesTest */ = {
			isa = PBXNativeTarget;
			buildConfigurationList = CC76A7FC23BE8ECF0094C2C9 /* Build configuration list for PBXNativeTarget "DadJokesTest" */;
			buildPhases = (
				CC76A7F123BE8ECF0094C2C9 /* Sources */,
				CC76A7F223BE8ECF0094C2C9 /* Frameworks */,
				CC76A7F323BE8ECF0094C2C9 /* Resources */,
			);
			buildRules = (
			);
			dependencies = (
				CC76A7FB23BE8ECF0094C2C9 /* PBXTargetDependency */,
			);
			name = DadJokesTest;
			productName = DadJokesTest;
			productReference = CC76A7F523BE8ECF0094C2C9 /* DadJokesTest.xctest */;
			productType = "com.apple.product-type.bundle.unit-test";
		};
		CCD3E94A23B548EB002E082C /* DadJokesUITests */ = {
			isa = PBXNativeTarget;
			buildConfigurationList = CCD3E95423B548EB002E082C /* Build configuration list for PBXNativeTarget "DadJokesUITests" */;
			buildPhases = (
				CCD3E94723B548EB002E082C /* Sources */,
				CCD3E94823B548EB002E082C /* Frameworks */,
				CCD3E94923B548EB002E082C /* Resources */,
			);
			buildRules = (
			);
			dependencies = (
				CCD3E95123B548EB002E082C /* PBXTargetDependency */,
			);
			name = DadJokesUITests;
			productName = DadJokesUITests;
			productReference = CCD3E94B23B548EB002E082C /* DadJokesUITests.xctest */;
			productType = "com.apple.product-type.bundle.ui-testing";
		};
/* End PBXNativeTarget section */

/* Begin PBXProject section */
		29E29E0723AB196600C89BF4 /* Project object */ = {
			isa = PBXProject;
			attributes = {
				LastSwiftUpdateCheck = 1130;
				LastUpgradeCheck = 1120;
				ORGANIZATIONNAME = "John Kouris";
				TargetAttributes = {
					29E29E0E23AB196700C89BF4 = {
						CreatedOnToolsVersion = 11.2.1;
					};
					CC76A7F423BE8ECF0094C2C9 = {
						CreatedOnToolsVersion = 11.3;
						TestTargetID = 29E29E0E23AB196700C89BF4;
					};
					CCD3E94A23B548EB002E082C = {
						CreatedOnToolsVersion = 11.3;
						TestTargetID = 29E29E0E23AB196700C89BF4;
					};
				};
			};
			buildConfigurationList = 29E29E0A23AB196600C89BF4 /* Build configuration list for PBXProject "DadJokes" */;
			compatibilityVersion = "Xcode 9.3";
			developmentRegion = en;
			hasScannedForEncodings = 0;
			knownRegions = (
				en,
				Base,
			);
			mainGroup = 29E29E0623AB196600C89BF4;
			productRefGroup = 29E29E1023AB196700C89BF4 /* Products */;
			projectDirPath = "";
			projectRoot = "";
			targets = (
				29E29E0E23AB196700C89BF4 /* DadJokes */,
				CCD3E94A23B548EB002E082C /* DadJokesUITests */,
				CC76A7F423BE8ECF0094C2C9 /* DadJokesTest */,
			);
		};
/* End PBXProject section */

/* Begin PBXResourcesBuildPhase section */
		29E29E0D23AB196700C89BF4 /* Resources */ = {
			isa = PBXResourcesBuildPhase;
			buildActionMask = 2147483647;
			files = (
				29E29E1F23AB196800C89BF4 /* LaunchScreen.storyboard in Resources */,
				2971AEDB23AC7E8B00F836BE /* GoogleService-Info.plist in Resources */,
				29E29E1C23AB196800C89BF4 /* Assets.xcassets in Resources */,
				29E29E1A23AB196700C89BF4 /* Main.storyboard in Resources */,
				CC76A80823BE9D020094C2C9 /* laugh.json in Resources */,
			);
			runOnlyForDeploymentPostprocessing = 0;
		};
		CC76A7F323BE8ECF0094C2C9 /* Resources */ = {
			isa = PBXResourcesBuildPhase;
			buildActionMask = 2147483647;
			files = (
			);
			runOnlyForDeploymentPostprocessing = 0;
		};
		CCD3E94923B548EB002E082C /* Resources */ = {
			isa = PBXResourcesBuildPhase;
			buildActionMask = 2147483647;
			files = (
			);
			runOnlyForDeploymentPostprocessing = 0;
		};
/* End PBXResourcesBuildPhase section */

/* Begin PBXShellScriptBuildPhase section */
		0FC72B995AFD99D06C96C764 /* [CP] Embed Pods Frameworks */ = {
			isa = PBXShellScriptBuildPhase;
			buildActionMask = 2147483647;
			files = (
			);
			inputFileListPaths = (
				"${PODS_ROOT}/Target Support Files/Pods-DadJokes/Pods-DadJokes-frameworks-${CONFIGURATION}-input-files.xcfilelist",
			);
			name = "[CP] Embed Pods Frameworks";
			outputFileListPaths = (
				"${PODS_ROOT}/Target Support Files/Pods-DadJokes/Pods-DadJokes-frameworks-${CONFIGURATION}-output-files.xcfilelist",
			);
			runOnlyForDeploymentPostprocessing = 0;
			shellPath = /bin/sh;
			shellScript = "\"${PODS_ROOT}/Target Support Files/Pods-DadJokes/Pods-DadJokes-frameworks.sh\"\n";
			showEnvVarsInLog = 0;
		};
		CC76A82423C3AA250094C2C9 /* ShellScript */ = {
			isa = PBXShellScriptBuildPhase;
			buildActionMask = 2147483647;
			files = (
			);
			inputFileListPaths = (
			);
			inputPaths = (
			);
			outputFileListPaths = (
			);
			outputPaths = (
			);
			runOnlyForDeploymentPostprocessing = 0;
			shellPath = /bin/sh;
			shellScript = "# Type a script or drag a script file from your workspace to insert its path.\nif which swiftlint >/dev/null; then\n  swiftlint\nelse\n  echo \"warning: SwiftLint not installed, download from https://github.com/realm/SwiftLint\"\nfi\n";
		};
		CF6A280211E2370B93ACCF82 /* [CP] Check Pods Manifest.lock */ = {
			isa = PBXShellScriptBuildPhase;
			buildActionMask = 2147483647;
			files = (
			);
			inputFileListPaths = (
			);
			inputPaths = (
				"${PODS_PODFILE_DIR_PATH}/Podfile.lock",
				"${PODS_ROOT}/Manifest.lock",
			);
			name = "[CP] Check Pods Manifest.lock";
			outputFileListPaths = (
			);
			outputPaths = (
				"$(DERIVED_FILE_DIR)/Pods-DadJokes-checkManifestLockResult.txt",
			);
			runOnlyForDeploymentPostprocessing = 0;
			shellPath = /bin/sh;
			shellScript = "diff \"${PODS_PODFILE_DIR_PATH}/Podfile.lock\" \"${PODS_ROOT}/Manifest.lock\" > /dev/null\nif [ $? != 0 ] ; then\n    # print error to STDERR\n    echo \"error: The sandbox is not in sync with the Podfile.lock. Run 'pod install' or update your CocoaPods installation.\" >&2\n    exit 1\nfi\n# This output is used by Xcode 'outputs' to avoid re-running this script phase.\necho \"SUCCESS\" > \"${SCRIPT_OUTPUT_FILE_0}\"\n";
			showEnvVarsInLog = 0;
		};
/* End PBXShellScriptBuildPhase section */

/* Begin PBXSourcesBuildPhase section */
		29E29E0B23AB196700C89BF4 /* Sources */ = {
			isa = PBXSourcesBuildPhase;
			buildActionMask = 2147483647;
			files = (
				CC76A82623C3C0BF0094C2C9 /* DJErrorMessage.swift in Sources */,
				2971AECD23AB310D00F836BE /* PublicJokesTableViewController.swift in Sources */,
				2971AECF23AB313300F836BE /* PublicJokeDetailViewController.swift in Sources */,
				CC76A80223BE90150094C2C9 /* URLSession+NetworkDataLoader.swift in Sources */,
				2971AED323AB317F00F836BE /* SignInViewController.swift in Sources */,
				29E29E1323AB196700C89BF4 /* AppDelegate.swift in Sources */,
				29E29E1523AB196700C89BF4 /* SceneDelegate.swift in Sources */,
				2971AEDD23AC83B600F836BE /* HomeViewController.swift in Sources */,
				2971AED523AB31B000F836BE /* PrivateJokesTableViewController.swift in Sources */,
				CC76A81323BFA6130094C2C9 /* DJBodyLabel.swift in Sources */,
				93564B4823AE9F75002C4CC6 /* CoreDataStack.swift in Sources */,
				2971AEE023AE9A8000F836BE /* Joke.xcdatamodeld in Sources */,
				CC76A81523BFA6260094C2C9 /* DJAlertVC.swift in Sources */,
				93564B4423AE9CFF002C4CC6 /* JokeRepresentation.swift in Sources */,
				E699BCC723AE8FB400594AFC /* APIController.swift in Sources */,
				CC76A81823BFA7770094C2C9 /* UIViewController+Ext.swift in Sources */,
				2971AED923AC7AB000F836BE /* Utilities.swift in Sources */,
				93564B4623AE9E27002C4CC6 /* Joke+Convenience.swift in Sources */,
				CC76A80023BE8FD70094C2C9 /* NetworkDataLoader.swift in Sources */,
				2971AED723AB31CD00F836BE /* PrivateJokeDetailViewController.swift in Sources */,
				CC76A81123BFA60A0094C2C9 /* DJTitleLabel.swift in Sources */,
				2971AED123AB316000F836BE /* SignUpViewController.swift in Sources */,
				CC76A80F23BFA5F60094C2C9 /* DJButton.swift in Sources */,
			);
			runOnlyForDeploymentPostprocessing = 0;
		};
		CC76A7F123BE8ECF0094C2C9 /* Sources */ = {
			isa = PBXSourcesBuildPhase;
			buildActionMask = 2147483647;
			files = (
				CC76A80623BE93E70094C2C9 /* MockResultsData.swift in Sources */,
				CC76A80423BE93890094C2C9 /* MockDataLoader.swift in Sources */,
				CC76A7F823BE8ECF0094C2C9 /* DadJokesTest.swift in Sources */,
			);
			runOnlyForDeploymentPostprocessing = 0;
		};
		CCD3E94723B548EB002E082C /* Sources */ = {
			isa = PBXSourcesBuildPhase;
			buildActionMask = 2147483647;
			files = (
				CCD3E94E23B548EB002E082C /* DadJokesUITests.swift in Sources */,
			);
			runOnlyForDeploymentPostprocessing = 0;
		};
/* End PBXSourcesBuildPhase section */

/* Begin PBXTargetDependency section */
		CC76A7FB23BE8ECF0094C2C9 /* PBXTargetDependency */ = {
			isa = PBXTargetDependency;
			target = 29E29E0E23AB196700C89BF4 /* DadJokes */;
			targetProxy = CC76A7FA23BE8ECF0094C2C9 /* PBXContainerItemProxy */;
		};
		CCD3E95123B548EB002E082C /* PBXTargetDependency */ = {
			isa = PBXTargetDependency;
			target = 29E29E0E23AB196700C89BF4 /* DadJokes */;
			targetProxy = CCD3E95023B548EB002E082C /* PBXContainerItemProxy */;
		};
/* End PBXTargetDependency section */

/* Begin PBXVariantGroup section */
		29E29E1823AB196700C89BF4 /* Main.storyboard */ = {
			isa = PBXVariantGroup;
			children = (
				29E29E1923AB196700C89BF4 /* Base */,
			);
			name = Main.storyboard;
			sourceTree = "<group>";
		};
		29E29E1D23AB196800C89BF4 /* LaunchScreen.storyboard */ = {
			isa = PBXVariantGroup;
			children = (
				29E29E1E23AB196800C89BF4 /* Base */,
			);
			name = LaunchScreen.storyboard;
			sourceTree = "<group>";
		};
/* End PBXVariantGroup section */

/* Begin XCBuildConfiguration section */
		29E29E2123AB196800C89BF4 /* Debug */ = {
			isa = XCBuildConfiguration;
			buildSettings = {
				ALWAYS_SEARCH_USER_PATHS = NO;
				CLANG_ANALYZER_NONNULL = YES;
				CLANG_ANALYZER_NUMBER_OBJECT_CONVERSION = YES_AGGRESSIVE;
				CLANG_CXX_LANGUAGE_STANDARD = "gnu++14";
				CLANG_CXX_LIBRARY = "libc++";
				CLANG_ENABLE_MODULES = YES;
				CLANG_ENABLE_OBJC_ARC = YES;
				CLANG_ENABLE_OBJC_WEAK = YES;
				CLANG_WARN_BLOCK_CAPTURE_AUTORELEASING = YES;
				CLANG_WARN_BOOL_CONVERSION = YES;
				CLANG_WARN_COMMA = YES;
				CLANG_WARN_CONSTANT_CONVERSION = YES;
				CLANG_WARN_DEPRECATED_OBJC_IMPLEMENTATIONS = YES;
				CLANG_WARN_DIRECT_OBJC_ISA_USAGE = YES_ERROR;
				CLANG_WARN_DOCUMENTATION_COMMENTS = YES;
				CLANG_WARN_EMPTY_BODY = YES;
				CLANG_WARN_ENUM_CONVERSION = YES;
				CLANG_WARN_INFINITE_RECURSION = YES;
				CLANG_WARN_INT_CONVERSION = YES;
				CLANG_WARN_NON_LITERAL_NULL_CONVERSION = YES;
				CLANG_WARN_OBJC_IMPLICIT_RETAIN_SELF = YES;
				CLANG_WARN_OBJC_LITERAL_CONVERSION = YES;
				CLANG_WARN_OBJC_ROOT_CLASS = YES_ERROR;
				CLANG_WARN_RANGE_LOOP_ANALYSIS = YES;
				CLANG_WARN_STRICT_PROTOTYPES = YES;
				CLANG_WARN_SUSPICIOUS_MOVE = YES;
				CLANG_WARN_UNGUARDED_AVAILABILITY = YES_AGGRESSIVE;
				CLANG_WARN_UNREACHABLE_CODE = YES;
				CLANG_WARN__DUPLICATE_METHOD_MATCH = YES;
				COPY_PHASE_STRIP = NO;
				DEBUG_INFORMATION_FORMAT = dwarf;
				ENABLE_STRICT_OBJC_MSGSEND = YES;
				ENABLE_TESTABILITY = YES;
				GCC_C_LANGUAGE_STANDARD = gnu11;
				GCC_DYNAMIC_NO_PIC = NO;
				GCC_NO_COMMON_BLOCKS = YES;
				GCC_OPTIMIZATION_LEVEL = 0;
				GCC_PREPROCESSOR_DEFINITIONS = (
					"DEBUG=1",
					"$(inherited)",
				);
				GCC_WARN_64_TO_32_BIT_CONVERSION = YES;
				GCC_WARN_ABOUT_RETURN_TYPE = YES_ERROR;
				GCC_WARN_UNDECLARED_SELECTOR = YES;
				GCC_WARN_UNINITIALIZED_AUTOS = YES_AGGRESSIVE;
				GCC_WARN_UNUSED_FUNCTION = YES;
				GCC_WARN_UNUSED_VARIABLE = YES;
				IPHONEOS_DEPLOYMENT_TARGET = 13.2;
				MTL_ENABLE_DEBUG_INFO = INCLUDE_SOURCE;
				MTL_FAST_MATH = YES;
				ONLY_ACTIVE_ARCH = YES;
				SDKROOT = iphoneos;
				SWIFT_ACTIVE_COMPILATION_CONDITIONS = DEBUG;
				SWIFT_OPTIMIZATION_LEVEL = "-Onone";
			};
			name = Debug;
		};
		29E29E2223AB196800C89BF4 /* Release */ = {
			isa = XCBuildConfiguration;
			buildSettings = {
				ALWAYS_SEARCH_USER_PATHS = NO;
				CLANG_ANALYZER_NONNULL = YES;
				CLANG_ANALYZER_NUMBER_OBJECT_CONVERSION = YES_AGGRESSIVE;
				CLANG_CXX_LANGUAGE_STANDARD = "gnu++14";
				CLANG_CXX_LIBRARY = "libc++";
				CLANG_ENABLE_MODULES = YES;
				CLANG_ENABLE_OBJC_ARC = YES;
				CLANG_ENABLE_OBJC_WEAK = YES;
				CLANG_WARN_BLOCK_CAPTURE_AUTORELEASING = YES;
				CLANG_WARN_BOOL_CONVERSION = YES;
				CLANG_WARN_COMMA = YES;
				CLANG_WARN_CONSTANT_CONVERSION = YES;
				CLANG_WARN_DEPRECATED_OBJC_IMPLEMENTATIONS = YES;
				CLANG_WARN_DIRECT_OBJC_ISA_USAGE = YES_ERROR;
				CLANG_WARN_DOCUMENTATION_COMMENTS = YES;
				CLANG_WARN_EMPTY_BODY = YES;
				CLANG_WARN_ENUM_CONVERSION = YES;
				CLANG_WARN_INFINITE_RECURSION = YES;
				CLANG_WARN_INT_CONVERSION = YES;
				CLANG_WARN_NON_LITERAL_NULL_CONVERSION = YES;
				CLANG_WARN_OBJC_IMPLICIT_RETAIN_SELF = YES;
				CLANG_WARN_OBJC_LITERAL_CONVERSION = YES;
				CLANG_WARN_OBJC_ROOT_CLASS = YES_ERROR;
				CLANG_WARN_RANGE_LOOP_ANALYSIS = YES;
				CLANG_WARN_STRICT_PROTOTYPES = YES;
				CLANG_WARN_SUSPICIOUS_MOVE = YES;
				CLANG_WARN_UNGUARDED_AVAILABILITY = YES_AGGRESSIVE;
				CLANG_WARN_UNREACHABLE_CODE = YES;
				CLANG_WARN__DUPLICATE_METHOD_MATCH = YES;
				COPY_PHASE_STRIP = NO;
				DEBUG_INFORMATION_FORMAT = "dwarf-with-dsym";
				ENABLE_NS_ASSERTIONS = NO;
				ENABLE_STRICT_OBJC_MSGSEND = YES;
				GCC_C_LANGUAGE_STANDARD = gnu11;
				GCC_NO_COMMON_BLOCKS = YES;
				GCC_WARN_64_TO_32_BIT_CONVERSION = YES;
				GCC_WARN_ABOUT_RETURN_TYPE = YES_ERROR;
				GCC_WARN_UNDECLARED_SELECTOR = YES;
				GCC_WARN_UNINITIALIZED_AUTOS = YES_AGGRESSIVE;
				GCC_WARN_UNUSED_FUNCTION = YES;
				GCC_WARN_UNUSED_VARIABLE = YES;
				IPHONEOS_DEPLOYMENT_TARGET = 13.2;
				MTL_ENABLE_DEBUG_INFO = NO;
				MTL_FAST_MATH = YES;
				SDKROOT = iphoneos;
				SWIFT_COMPILATION_MODE = wholemodule;
				SWIFT_OPTIMIZATION_LEVEL = "-O";
				VALIDATE_PRODUCT = YES;
			};
			name = Release;
		};
		29E29E2423AB196800C89BF4 /* Debug */ = {
			isa = XCBuildConfiguration;
			baseConfigurationReference = 0B082A2C63C0945798F67643 /* Pods-DadJokes.debug.xcconfig */;
			buildSettings = {
				ASSETCATALOG_COMPILER_APPICON_NAME = AppIcon;
				CODE_SIGN_STYLE = Automatic;
				DEVELOPMENT_TEAM = SE96QQ4Q6G;
				INFOPLIST_FILE = DadJokes/Info.plist;
				LD_RUNPATH_SEARCH_PATHS = (
					"$(inherited)",
					"@executable_path/Frameworks",
				);
				PRODUCT_BUNDLE_IDENTIFIER = com.JohnKouris.DadJokes;
				PRODUCT_NAME = "$(TARGET_NAME)";
				SWIFT_VERSION = 5.0;
				TARGETED_DEVICE_FAMILY = "1,2";
			};
			name = Debug;
		};
		29E29E2523AB196800C89BF4 /* Release */ = {
			isa = XCBuildConfiguration;
			baseConfigurationReference = 8E3E529BC966789D764B1717 /* Pods-DadJokes.release.xcconfig */;
			buildSettings = {
				ASSETCATALOG_COMPILER_APPICON_NAME = AppIcon;
				CODE_SIGN_STYLE = Automatic;
				DEVELOPMENT_TEAM = SE96QQ4Q6G;
				INFOPLIST_FILE = DadJokes/Info.plist;
				LD_RUNPATH_SEARCH_PATHS = (
					"$(inherited)",
					"@executable_path/Frameworks",
				);
				PRODUCT_BUNDLE_IDENTIFIER = com.JohnKouris.DadJokes;
				PRODUCT_NAME = "$(TARGET_NAME)";
				SWIFT_VERSION = 5.0;
				TARGETED_DEVICE_FAMILY = "1,2";
			};
			name = Release;
		};
		CC76A7FD23BE8ECF0094C2C9 /* Debug */ = {
			isa = XCBuildConfiguration;
			buildSettings = {
				BUNDLE_LOADER = "$(TEST_HOST)";
				CODE_SIGN_STYLE = Automatic;
				DEVELOPMENT_TEAM = SE96QQ4Q6G;
				HEADER_SEARCH_PATHS = "${SRCROOT}/Pods/Firebase/CoreOnly/Sources";
				INFOPLIST_FILE = DadJokesTest/Info.plist;
				LD_RUNPATH_SEARCH_PATHS = (
					"$(inherited)",
					"@executable_path/Frameworks",
					"@loader_path/Frameworks",
				);
				PRODUCT_BUNDLE_IDENTIFIER = com.JohnKouris.DadJokesTest;
				PRODUCT_NAME = "$(TARGET_NAME)";
				SWIFT_VERSION = 5.0;
				TARGETED_DEVICE_FAMILY = "1,2";
				TEST_HOST = "$(BUILT_PRODUCTS_DIR)/DadJokes.app/DadJokes";
			};
			name = Debug;
		};
		CC76A7FE23BE8ECF0094C2C9 /* Release */ = {
			isa = XCBuildConfiguration;
			buildSettings = {
				BUNDLE_LOADER = "$(TEST_HOST)";
				CODE_SIGN_STYLE = Automatic;
				DEVELOPMENT_TEAM = SE96QQ4Q6G;
				HEADER_SEARCH_PATHS = "${SRCROOT}/Pods/Firebase/CoreOnly/Sources";
				INFOPLIST_FILE = DadJokesTest/Info.plist;
				LD_RUNPATH_SEARCH_PATHS = (
					"$(inherited)",
					"@executable_path/Frameworks",
					"@loader_path/Frameworks",
				);
				PRODUCT_BUNDLE_IDENTIFIER = com.JohnKouris.DadJokesTest;
				PRODUCT_NAME = "$(TARGET_NAME)";
				SWIFT_VERSION = 5.0;
				TARGETED_DEVICE_FAMILY = "1,2";
				TEST_HOST = "$(BUILT_PRODUCTS_DIR)/DadJokes.app/DadJokes";
			};
			name = Release;
		};
		CCD3E95223B548EB002E082C /* Debug */ = {
			isa = XCBuildConfiguration;
			buildSettings = {
				CODE_SIGN_STYLE = Automatic;
				DEVELOPMENT_TEAM = SE96QQ4Q6G;
				INFOPLIST_FILE = DadJokesUITests/Info.plist;
				LD_RUNPATH_SEARCH_PATHS = (
					"$(inherited)",
					"@executable_path/Frameworks",
					"@loader_path/Frameworks",
				);
				PRODUCT_BUNDLE_IDENTIFIER = com.JohnKouris.DadJokesUITests;
				PRODUCT_NAME = "$(TARGET_NAME)";
				SWIFT_VERSION = 5.0;
				TARGETED_DEVICE_FAMILY = "1,2";
				TEST_TARGET_NAME = DadJokes;
			};
			name = Debug;
		};
		CCD3E95323B548EB002E082C /* Release */ = {
			isa = XCBuildConfiguration;
			buildSettings = {
				CODE_SIGN_STYLE = Automatic;
				DEVELOPMENT_TEAM = SE96QQ4Q6G;
				INFOPLIST_FILE = DadJokesUITests/Info.plist;
				LD_RUNPATH_SEARCH_PATHS = (
					"$(inherited)",
					"@executable_path/Frameworks",
					"@loader_path/Frameworks",
				);
				PRODUCT_BUNDLE_IDENTIFIER = com.JohnKouris.DadJokesUITests;
				PRODUCT_NAME = "$(TARGET_NAME)";
				SWIFT_VERSION = 5.0;
				TARGETED_DEVICE_FAMILY = "1,2";
				TEST_TARGET_NAME = DadJokes;
			};
			name = Release;
		};
/* End XCBuildConfiguration section */

/* Begin XCConfigurationList section */
		29E29E0A23AB196600C89BF4 /* Build configuration list for PBXProject "DadJokes" */ = {
			isa = XCConfigurationList;
			buildConfigurations = (
				29E29E2123AB196800C89BF4 /* Debug */,
				29E29E2223AB196800C89BF4 /* Release */,
			);
			defaultConfigurationIsVisible = 0;
			defaultConfigurationName = Release;
		};
		29E29E2323AB196800C89BF4 /* Build configuration list for PBXNativeTarget "DadJokes" */ = {
			isa = XCConfigurationList;
			buildConfigurations = (
				29E29E2423AB196800C89BF4 /* Debug */,
				29E29E2523AB196800C89BF4 /* Release */,
			);
			defaultConfigurationIsVisible = 0;
			defaultConfigurationName = Release;
		};
		CC76A7FC23BE8ECF0094C2C9 /* Build configuration list for PBXNativeTarget "DadJokesTest" */ = {
			isa = XCConfigurationList;
			buildConfigurations = (
				CC76A7FD23BE8ECF0094C2C9 /* Debug */,
				CC76A7FE23BE8ECF0094C2C9 /* Release */,
			);
			defaultConfigurationIsVisible = 0;
			defaultConfigurationName = Release;
		};
		CCD3E95423B548EB002E082C /* Build configuration list for PBXNativeTarget "DadJokesUITests" */ = {
			isa = XCConfigurationList;
			buildConfigurations = (
				CCD3E95223B548EB002E082C /* Debug */,
				CCD3E95323B548EB002E082C /* Release */,
			);
			defaultConfigurationIsVisible = 0;
			defaultConfigurationName = Release;
		};
/* End XCConfigurationList section */

/* Begin XCVersionGroup section */
		2971AEDE23AE9A8000F836BE /* Joke.xcdatamodeld */ = {
			isa = XCVersionGroup;
			children = (
				2971AEDF23AE9A8000F836BE /* Joke.xcdatamodel */,
			);
			currentVersion = 2971AEDF23AE9A8000F836BE /* Joke.xcdatamodel */;
			path = Joke.xcdatamodeld;
			sourceTree = "<group>";
			versionGroupType = wrapper.xcdatamodel;
		};
/* End XCVersionGroup section */
	};
	rootObject = 29E29E0723AB196600C89BF4 /* Project object */;
}
